// !$*UTF8*$!
{
	archiveVersion = 1;
	classes = {
	};
	objectVersion = 56;
	objects = {

/* Begin PBXBuildFile section */
		6B76210B2936E4C700C869C1 /* AppDelegate.swift in Sources */ = {isa = PBXBuildFile; fileRef = 6B76210A2936E4C700C869C1 /* AppDelegate.swift */; };
		6B76210D2936E4C700C869C1 /* SceneDelegate.swift in Sources */ = {isa = PBXBuildFile; fileRef = 6B76210C2936E4C700C869C1 /* SceneDelegate.swift */; };
		6B76210F2936E4C700C869C1 /* ViewController.swift in Sources */ = {isa = PBXBuildFile; fileRef = 6B76210E2936E4C700C869C1 /* ViewController.swift */; };
		6B7621122936E4C700C869C1 /* Main.storyboard in Resources */ = {isa = PBXBuildFile; fileRef = 6B7621102936E4C700C869C1 /* Main.storyboard */; };
		6B7621152936E4C700C869C1 /* PlayOn_UIKit.xcdatamodeld in Sources */ = {isa = PBXBuildFile; fileRef = 6B7621132936E4C700C869C1 /* PlayOn_UIKit.xcdatamodeld */; };
		6B7621172936E4C900C869C1 /* Assets.xcassets in Resources */ = {isa = PBXBuildFile; fileRef = 6B7621162936E4C900C869C1 /* Assets.xcassets */; };
		6B76211A2936E4C900C869C1 /* LaunchScreen.storyboard in Resources */ = {isa = PBXBuildFile; fileRef = 6B7621182936E4C900C869C1 /* LaunchScreen.storyboard */; };
		6B7621252936E4C900C869C1 /* PlayOn_UIKitTests.swift in Sources */ = {isa = PBXBuildFile; fileRef = 6B7621242936E4C900C869C1 /* PlayOn_UIKitTests.swift */; };
		6B76212F2936E4C900C869C1 /* PlayOn_UIKitUITests.swift in Sources */ = {isa = PBXBuildFile; fileRef = 6B76212E2936E4C900C869C1 /* PlayOn_UIKitUITests.swift */; };
		6B7621312936E4C900C869C1 /* PlayOn_UIKitUITestsLaunchTests.swift in Sources */ = {isa = PBXBuildFile; fileRef = 6B7621302936E4C900C869C1 /* PlayOn_UIKitUITestsLaunchTests.swift */; };
		6B76213F2936E61400C869C1 /* LoginViewController.swift in Sources */ = {isa = PBXBuildFile; fileRef = 6B76213E2936E61400C869C1 /* LoginViewController.swift */; };
		6B7E45B2293CEFCC00EC5352 /* MyUIActivityIndicatorView.swift in Sources */ = {isa = PBXBuildFile; fileRef = 6B7E45B1293CEFCC00EC5352 /* MyUIActivityIndicatorView.swift */; };
/* End PBXBuildFile section */

/* Begin PBXContainerItemProxy section */
		6B7621212936E4C900C869C1 /* PBXContainerItemProxy */ = {
			isa = PBXContainerItemProxy;
			containerPortal = 6B7620FF2936E4C700C869C1 /* Project object */;
			proxyType = 1;
			remoteGlobalIDString = 6B7621062936E4C700C869C1;
			remoteInfo = PlayOn_UIKit;
		};
		6B76212B2936E4C900C869C1 /* PBXContainerItemProxy */ = {
			isa = PBXContainerItemProxy;
			containerPortal = 6B7620FF2936E4C700C869C1 /* Project object */;
			proxyType = 1;
			remoteGlobalIDString = 6B7621062936E4C700C869C1;
			remoteInfo = PlayOn_UIKit;
		};
/* End PBXContainerItemProxy section */

/* Begin PBXFileReference section */
		6B61E855293CA1540013FBEE /* MakePreviewProvider.swift */ = {isa = PBXFileReference; lastKnownFileType = sourcecode.swift; path = MakePreviewProvider.swift; sourceTree = "<group>"; };
		6B7621072936E4C700C869C1 /* PlayOn_UIKit.app */ = {isa = PBXFileReference; explicitFileType = wrapper.application; includeInIndex = 0; path = PlayOn_UIKit.app; sourceTree = BUILT_PRODUCTS_DIR; };
		6B76210A2936E4C700C869C1 /* AppDelegate.swift */ = {isa = PBXFileReference; lastKnownFileType = sourcecode.swift; path = AppDelegate.swift; sourceTree = "<group>"; };
		6B76210C2936E4C700C869C1 /* SceneDelegate.swift */ = {isa = PBXFileReference; lastKnownFileType = sourcecode.swift; path = SceneDelegate.swift; sourceTree = "<group>"; };
		6B76210E2936E4C700C869C1 /* ViewController.swift */ = {isa = PBXFileReference; lastKnownFileType = sourcecode.swift; path = ViewController.swift; sourceTree = "<group>"; };
		6B7621112936E4C700C869C1 /* Base */ = {isa = PBXFileReference; lastKnownFileType = file.storyboard; name = Base; path = Base.lproj/Main.storyboard; sourceTree = "<group>"; };
		6B7621142936E4C700C869C1 /* PlayOn_UIKit.xcdatamodel */ = {isa = PBXFileReference; lastKnownFileType = wrapper.xcdatamodel; path = PlayOn_UIKit.xcdatamodel; sourceTree = "<group>"; };
		6B7621162936E4C900C869C1 /* Assets.xcassets */ = {isa = PBXFileReference; lastKnownFileType = folder.assetcatalog; path = Assets.xcassets; sourceTree = "<group>"; };
		6B7621192936E4C900C869C1 /* Base */ = {isa = PBXFileReference; lastKnownFileType = file.storyboard; name = Base; path = Base.lproj/LaunchScreen.storyboard; sourceTree = "<group>"; };
		6B76211B2936E4C900C869C1 /* Info.plist */ = {isa = PBXFileReference; lastKnownFileType = text.plist.xml; path = Info.plist; sourceTree = "<group>"; };
		6B7621202936E4C900C869C1 /* PlayOn_UIKitTests.xctest */ = {isa = PBXFileReference; explicitFileType = wrapper.cfbundle; includeInIndex = 0; path = PlayOn_UIKitTests.xctest; sourceTree = BUILT_PRODUCTS_DIR; };
		6B7621242936E4C900C869C1 /* PlayOn_UIKitTests.swift */ = {isa = PBXFileReference; lastKnownFileType = sourcecode.swift; path = PlayOn_UIKitTests.swift; sourceTree = "<group>"; };
		6B76212A2936E4C900C869C1 /* PlayOn_UIKitUITests.xctest */ = {isa = PBXFileReference; explicitFileType = wrapper.cfbundle; includeInIndex = 0; path = PlayOn_UIKitUITests.xctest; sourceTree = BUILT_PRODUCTS_DIR; };
		6B76212E2936E4C900C869C1 /* PlayOn_UIKitUITests.swift */ = {isa = PBXFileReference; lastKnownFileType = sourcecode.swift; path = PlayOn_UIKitUITests.swift; sourceTree = "<group>"; };
		6B7621302936E4C900C869C1 /* PlayOn_UIKitUITestsLaunchTests.swift */ = {isa = PBXFileReference; lastKnownFileType = sourcecode.swift; path = PlayOn_UIKitUITestsLaunchTests.swift; sourceTree = "<group>"; };
		6B76213E2936E61400C869C1 /* LoginViewController.swift */ = {isa = PBXFileReference; lastKnownFileType = sourcecode.swift; path = LoginViewController.swift; sourceTree = "<group>"; };
		6B7E45B1293CEFCC00EC5352 /* MyUIActivityIndicatorView.swift */ = {isa = PBXFileReference; lastKnownFileType = sourcecode.swift; path = MyUIActivityIndicatorView.swift; sourceTree = "<group>"; };
/* End PBXFileReference section */

/* Begin PBXFrameworksBuildPhase section */
		6B7621042936E4C700C869C1 /* Frameworks */ = {
			isa = PBXFrameworksBuildPhase;
			buildActionMask = 2147483647;
			files = (
			);
			runOnlyForDeploymentPostprocessing = 0;
		};
		6B76211D2936E4C900C869C1 /* Frameworks */ = {
			isa = PBXFrameworksBuildPhase;
			buildActionMask = 2147483647;
			files = (
			);
			runOnlyForDeploymentPostprocessing = 0;
		};
		6B7621272936E4C900C869C1 /* Frameworks */ = {
			isa = PBXFrameworksBuildPhase;
			buildActionMask = 2147483647;
			files = (
			);
			runOnlyForDeploymentPostprocessing = 0;
		};
/* End PBXFrameworksBuildPhase section */

/* Begin PBXGroup section */
		6B61E854293CA0840013FBEE /* Preview */ = {
			isa = PBXGroup;
			children = (
				6B61E855293CA1540013FBEE /* MakePreviewProvider.swift */,
			);
			path = Preview;
			sourceTree = "<group>";
		};
		6B7620FE2936E4C700C869C1 = {
			isa = PBXGroup;
			children = (
				6B7621092936E4C700C869C1 /* PlayOn_UIKit */,
				6B7621232936E4C900C869C1 /* PlayOn_UIKitTests */,
				6B76212D2936E4C900C869C1 /* PlayOn_UIKitUITests */,
				6B7621082936E4C700C869C1 /* Products */,
			);
			sourceTree = "<group>";
		};
		6B7621082936E4C700C869C1 /* Products */ = {
			isa = PBXGroup;
			children = (
				6B7621072936E4C700C869C1 /* PlayOn_UIKit.app */,
				6B7621202936E4C900C869C1 /* PlayOn_UIKitTests.xctest */,
				6B76212A2936E4C900C869C1 /* PlayOn_UIKitUITests.xctest */,
			);
			name = Products;
			sourceTree = "<group>";
		};
		6B7621092936E4C700C869C1 /* PlayOn_UIKit */ = {
			isa = PBXGroup;
			children = (
				6BC4DE7C293865E800A16E2E /* Findings */,
				6B7621402936E62200C869C1 /* Account */,
				6B76210A2936E4C700C869C1 /* AppDelegate.swift */,
				6B76210C2936E4C700C869C1 /* SceneDelegate.swift */,
				6B76210E2936E4C700C869C1 /* ViewController.swift */,
				6B7621102936E4C700C869C1 /* Main.storyboard */,
				6B7621162936E4C900C869C1 /* Assets.xcassets */,
				6B7621182936E4C900C869C1 /* LaunchScreen.storyboard */,
				6B76211B2936E4C900C869C1 /* Info.plist */,
				6B7621132936E4C700C869C1 /* PlayOn_UIKit.xcdatamodeld */,
			);
			path = PlayOn_UIKit;
			sourceTree = "<group>";
		};
		6B7621232936E4C900C869C1 /* PlayOn_UIKitTests */ = {
			isa = PBXGroup;
			children = (
				6B7621242936E4C900C869C1 /* PlayOn_UIKitTests.swift */,
			);
			path = PlayOn_UIKitTests;
			sourceTree = "<group>";
		};
		6B76212D2936E4C900C869C1 /* PlayOn_UIKitUITests */ = {
			isa = PBXGroup;
			children = (
				6B76212E2936E4C900C869C1 /* PlayOn_UIKitUITests.swift */,
				6B7621302936E4C900C869C1 /* PlayOn_UIKitUITestsLaunchTests.swift */,
			);
			path = PlayOn_UIKitUITests;
			sourceTree = "<group>";
		};
		6B7621402936E62200C869C1 /* Account */ = {
			isa = PBXGroup;
			children = (
				6B7621412936E63000C869C1 /* Login */,
			);
			path = Account;
			sourceTree = "<group>";
		};
		6B7621412936E63000C869C1 /* Login */ = {
			isa = PBXGroup;
			children = (
				6B76213E2936E61400C869C1 /* LoginViewController.swift */,
			);
			path = Login;
			sourceTree = "<group>";
		};
		6BC4DE7C293865E800A16E2E /* Findings */ = {
			isa = PBXGroup;
			children = (
				6B61E854293CA0840013FBEE /* Preview */,
				6B7E45B1293CEFCC00EC5352 /* MyUIActivityIndicatorView.swift */,
			);
			path = Findings;
			sourceTree = "<group>";
		};
/* End PBXGroup section */

/* Begin PBXNativeTarget section */
		6B7621062936E4C700C869C1 /* PlayOn_UIKit */ = {
			isa = PBXNativeTarget;
			buildConfigurationList = 6B7621342936E4C900C869C1 /* Build configuration list for PBXNativeTarget "PlayOn_UIKit" */;
			buildPhases = (
				6B7621032936E4C700C869C1 /* Sources */,
				6B7621042936E4C700C869C1 /* Frameworks */,
				6B7621052936E4C700C869C1 /* Resources */,
			);
			buildRules = (
			);
			dependencies = (
			);
			name = PlayOn_UIKit;
			productName = PlayOn_UIKit;
			productReference = 6B7621072936E4C700C869C1 /* PlayOn_UIKit.app */;
			productType = "com.apple.product-type.application";
		};
		6B76211F2936E4C900C869C1 /* PlayOn_UIKitTests */ = {
			isa = PBXNativeTarget;
			buildConfigurationList = 6B7621372936E4C900C869C1 /* Build configuration list for PBXNativeTarget "PlayOn_UIKitTests" */;
			buildPhases = (
				6B76211C2936E4C900C869C1 /* Sources */,
				6B76211D2936E4C900C869C1 /* Frameworks */,
				6B76211E2936E4C900C869C1 /* Resources */,
			);
			buildRules = (
			);
			dependencies = (
				6B7621222936E4C900C869C1 /* PBXTargetDependency */,
			);
			name = PlayOn_UIKitTests;
			productName = PlayOn_UIKitTests;
			productReference = 6B7621202936E4C900C869C1 /* PlayOn_UIKitTests.xctest */;
			productType = "com.apple.product-type.bundle.unit-test";
		};
		6B7621292936E4C900C869C1 /* PlayOn_UIKitUITests */ = {
			isa = PBXNativeTarget;
			buildConfigurationList = 6B76213A2936E4C900C869C1 /* Build configuration list for PBXNativeTarget "PlayOn_UIKitUITests" */;
			buildPhases = (
				6B7621262936E4C900C869C1 /* Sources */,
				6B7621272936E4C900C869C1 /* Frameworks */,
				6B7621282936E4C900C869C1 /* Resources */,
			);
			buildRules = (
			);
			dependencies = (
				6B76212C2936E4C900C869C1 /* PBXTargetDependency */,
			);
			name = PlayOn_UIKitUITests;
			productName = PlayOn_UIKitUITests;
			productReference = 6B76212A2936E4C900C869C1 /* PlayOn_UIKitUITests.xctest */;
			productType = "com.apple.product-type.bundle.ui-testing";
		};
/* End PBXNativeTarget section */

/* Begin PBXProject section */
		6B7620FF2936E4C700C869C1 /* Project object */ = {
			isa = PBXProject;
			attributes = {
				BuildIndependentTargetsInParallel = 1;
				LastSwiftUpdateCheck = 1410;
				LastUpgradeCheck = 1410;
				TargetAttributes = {
					6B7621062936E4C700C869C1 = {
						CreatedOnToolsVersion = 14.1;
					};
					6B76211F2936E4C900C869C1 = {
						CreatedOnToolsVersion = 14.1;
						TestTargetID = 6B7621062936E4C700C869C1;
					};
					6B7621292936E4C900C869C1 = {
						CreatedOnToolsVersion = 14.1;
						TestTargetID = 6B7621062936E4C700C869C1;
					};
				};
			};
			buildConfigurationList = 6B7621022936E4C700C869C1 /* Build configuration list for PBXProject "PlayOn_UIKit" */;
			compatibilityVersion = "Xcode 14.0";
			developmentRegion = en;
			hasScannedForEncodings = 0;
			knownRegions = (
				en,
				Base,
			);
			mainGroup = 6B7620FE2936E4C700C869C1;
			productRefGroup = 6B7621082936E4C700C869C1 /* Products */;
			projectDirPath = "";
			projectRoot = "";
			targets = (
				6B7621062936E4C700C869C1 /* PlayOn_UIKit */,
				6B76211F2936E4C900C869C1 /* PlayOn_UIKitTests */,
				6B7621292936E4C900C869C1 /* PlayOn_UIKitUITests */,
			);
		};
/* End PBXProject section */

/* Begin PBXResourcesBuildPhase section */
		6B7621052936E4C700C869C1 /* Resources */ = {
			isa = PBXResourcesBuildPhase;
			buildActionMask = 2147483647;
			files = (
				6B76211A2936E4C900C869C1 /* LaunchScreen.storyboard in Resources */,
				6B7621172936E4C900C869C1 /* Assets.xcassets in Resources */,
				6B7621122936E4C700C869C1 /* Main.storyboard in Resources */,
			);
			runOnlyForDeploymentPostprocessing = 0;
		};
		6B76211E2936E4C900C869C1 /* Resources */ = {
			isa = PBXResourcesBuildPhase;
			buildActionMask = 2147483647;
			files = (
			);
			runOnlyForDeploymentPostprocessing = 0;
		};
		6B7621282936E4C900C869C1 /* Resources */ = {
			isa = PBXResourcesBuildPhase;
			buildActionMask = 2147483647;
			files = (
			);
			runOnlyForDeploymentPostprocessing = 0;
		};
/* End PBXResourcesBuildPhase section */

/* Begin PBXSourcesBuildPhase section */
		6B7621032936E4C700C869C1 /* Sources */ = {
			isa = PBXSourcesBuildPhase;
			buildActionMask = 2147483647;
			files = (
				6B76210F2936E4C700C869C1 /* ViewController.swift in Sources */,
				6B7621152936E4C700C869C1 /* PlayOn_UIKit.xcdatamodeld in Sources */,
				6B7E45B2293CEFCC00EC5352 /* MyUIActivityIndicatorView.swift in Sources */,
				6B76210B2936E4C700C869C1 /* AppDelegate.swift in Sources */,
				6B76213F2936E61400C869C1 /* LoginViewController.swift in Sources */,
				6B76210D2936E4C700C869C1 /* SceneDelegate.swift in Sources */,
			);
			runOnlyForDeploymentPostprocessing = 0;
		};
		6B76211C2936E4C900C869C1 /* Sources */ = {
			isa = PBXSourcesBuildPhase;
			buildActionMask = 2147483647;
			files = (
				6B7621252936E4C900C869C1 /* PlayOn_UIKitTests.swift in Sources */,
			);
			runOnlyForDeploymentPostprocessing = 0;
		};
		6B7621262936E4C900C869C1 /* Sources */ = {
			isa = PBXSourcesBuildPhase;
			buildActionMask = 2147483647;
			files = (
				6B7621312936E4C900C869C1 /* PlayOn_UIKitUITestsLaunchTests.swift in Sources */,
				6B76212F2936E4C900C869C1 /* PlayOn_UIKitUITests.swift in Sources */,
			);
			runOnlyForDeploymentPostprocessing = 0;
		};
/* End PBXSourcesBuildPhase section */

/* Begin PBXTargetDependency section */
		6B7621222936E4C900C869C1 /* PBXTargetDependency */ = {
			isa = PBXTargetDependency;
			target = 6B7621062936E4C700C869C1 /* PlayOn_UIKit */;
			targetProxy = 6B7621212936E4C900C869C1 /* PBXContainerItemProxy */;
		};
		6B76212C2936E4C900C869C1 /* PBXTargetDependency */ = {
			isa = PBXTargetDependency;
			target = 6B7621062936E4C700C869C1 /* PlayOn_UIKit */;
			targetProxy = 6B76212B2936E4C900C869C1 /* PBXContainerItemProxy */;
		};
/* End PBXTargetDependency section */

/* Begin PBXVariantGroup section */
		6B7621102936E4C700C869C1 /* Main.storyboard */ = {
			isa = PBXVariantGroup;
			children = (
				6B7621112936E4C700C869C1 /* Base */,
			);
			name = Main.storyboard;
			sourceTree = "<group>";
		};
		6B7621182936E4C900C869C1 /* LaunchScreen.storyboard */ = {
			isa = PBXVariantGroup;
			children = (
				6B7621192936E4C900C869C1 /* Base */,
			);
			name = LaunchScreen.storyboard;
			sourceTree = "<group>";
		};
/* End PBXVariantGroup section */

/* Begin XCBuildConfiguration section */
		6B7621322936E4C900C869C1 /* Debug */ = {
			isa = XCBuildConfiguration;
			buildSettings = {
				ALWAYS_SEARCH_USER_PATHS = NO;
				CLANG_ANALYZER_NONNULL = YES;
				CLANG_ANALYZER_NUMBER_OBJECT_CONVERSION = YES_AGGRESSIVE;
				CLANG_CXX_LANGUAGE_STANDARD = "gnu++20";
				CLANG_ENABLE_MODULES = YES;
				CLANG_ENABLE_OBJC_ARC = YES;
				CLANG_ENABLE_OBJC_WEAK = YES;
				CLANG_WARN_BLOCK_CAPTURE_AUTORELEASING = YES;
				CLANG_WARN_BOOL_CONVERSION = YES;
				CLANG_WARN_COMMA = YES;
				CLANG_WARN_CONSTANT_CONVERSION = YES;
				CLANG_WARN_DEPRECATED_OBJC_IMPLEMENTATIONS = YES;
				CLANG_WARN_DIRECT_OBJC_ISA_USAGE = YES_ERROR;
				CLANG_WARN_DOCUMENTATION_COMMENTS = YES;
				CLANG_WARN_EMPTY_BODY = YES;
				CLANG_WARN_ENUM_CONVERSION = YES;
				CLANG_WARN_INFINITE_RECURSION = YES;
				CLANG_WARN_INT_CONVERSION = YES;
				CLANG_WARN_NON_LITERAL_NULL_CONVERSION = YES;
				CLANG_WARN_OBJC_IMPLICIT_RETAIN_SELF = YES;
				CLANG_WARN_OBJC_LITERAL_CONVERSION = YES;
				CLANG_WARN_OBJC_ROOT_CLASS = YES_ERROR;
				CLANG_WARN_QUOTED_INCLUDE_IN_FRAMEWORK_HEADER = YES;
				CLANG_WARN_RANGE_LOOP_ANALYSIS = YES;
				CLANG_WARN_STRICT_PROTOTYPES = YES;
				CLANG_WARN_SUSPICIOUS_MOVE = YES;
				CLANG_WARN_UNGUARDED_AVAILABILITY = YES_AGGRESSIVE;
				CLANG_WARN_UNREACHABLE_CODE = YES;
				CLANG_WARN__DUPLICATE_METHOD_MATCH = YES;
				COPY_PHASE_STRIP = NO;
				DEBUG_INFORMATION_FORMAT = dwarf;
				ENABLE_STRICT_OBJC_MSGSEND = YES;
				ENABLE_TESTABILITY = YES;
				GCC_C_LANGUAGE_STANDARD = gnu11;
				GCC_DYNAMIC_NO_PIC = NO;
				GCC_NO_COMMON_BLOCKS = YES;
				GCC_OPTIMIZATION_LEVEL = 0;
				GCC_PREPROCESSOR_DEFINITIONS = (
					"DEBUG=1",
					"$(inherited)",
				);
				GCC_WARN_64_TO_32_BIT_CONVERSION = YES;
				GCC_WARN_ABOUT_RETURN_TYPE = YES_ERROR;
				GCC_WARN_UNDECLARED_SELECTOR = YES;
				GCC_WARN_UNINITIALIZED_AUTOS = YES_AGGRESSIVE;
				GCC_WARN_UNUSED_FUNCTION = YES;
				GCC_WARN_UNUSED_VARIABLE = YES;
				IPHONEOS_DEPLOYMENT_TARGET = 16.1;
				MTL_ENABLE_DEBUG_INFO = INCLUDE_SOURCE;
				MTL_FAST_MATH = YES;
				ONLY_ACTIVE_ARCH = YES;
				SDKROOT = iphoneos;
				SWIFT_ACTIVE_COMPILATION_CONDITIONS = DEBUG;
				SWIFT_OPTIMIZATION_LEVEL = "-Onone";
			};
			name = Debug;
		};
		6B7621332936E4C900C869C1 /* Release */ = {
			isa = XCBuildConfiguration;
			buildSettings = {
				ALWAYS_SEARCH_USER_PATHS = NO;
				CLANG_ANALYZER_NONNULL = YES;
				CLANG_ANALYZER_NUMBER_OBJECT_CONVERSION = YES_AGGRESSIVE;
				CLANG_CXX_LANGUAGE_STANDARD = "gnu++20";
				CLANG_ENABLE_MODULES = YES;
				CLANG_ENABLE_OBJC_ARC = YES;
				CLANG_ENABLE_OBJC_WEAK = YES;
				CLANG_WARN_BLOCK_CAPTURE_AUTORELEASING = YES;
				CLANG_WARN_BOOL_CONVERSION = YES;
				CLANG_WARN_COMMA = YES;
				CLANG_WARN_CONSTANT_CONVERSION = YES;
				CLANG_WARN_DEPRECATED_OBJC_IMPLEMENTATIONS = YES;
				CLANG_WARN_DIRECT_OBJC_ISA_USAGE = YES_ERROR;
				CLANG_WARN_DOCUMENTATION_COMMENTS = YES;
				CLANG_WARN_EMPTY_BODY = YES;
				CLANG_WARN_ENUM_CONVERSION = YES;
				CLANG_WARN_INFINITE_RECURSION = YES;
				CLANG_WARN_INT_CONVERSION = YES;
				CLANG_WARN_NON_LITERAL_NULL_CONVERSION = YES;
				CLANG_WARN_OBJC_IMPLICIT_RETAIN_SELF = YES;
				CLANG_WARN_OBJC_LITERAL_CONVERSION = YES;
				CLANG_WARN_OBJC_ROOT_CLASS = YES_ERROR;
				CLANG_WARN_QUOTED_INCLUDE_IN_FRAMEWORK_HEADER = YES;
				CLANG_WARN_RANGE_LOOP_ANALYSIS = YES;
				CLANG_WARN_STRICT_PROTOTYPES = YES;
				CLANG_WARN_SUSPICIOUS_MOVE = YES;
				CLANG_WARN_UNGUARDED_AVAILABILITY = YES_AGGRESSIVE;
				CLANG_WARN_UNREACHABLE_CODE = YES;
				CLANG_WARN__DUPLICATE_METHOD_MATCH = YES;
				COPY_PHASE_STRIP = NO;
				DEBUG_INFORMATION_FORMAT = "dwarf-with-dsym";
				ENABLE_NS_ASSERTIONS = NO;
				ENABLE_STRICT_OBJC_MSGSEND = YES;
				GCC_C_LANGUAGE_STANDARD = gnu11;
				GCC_NO_COMMON_BLOCKS = YES;
				GCC_WARN_64_TO_32_BIT_CONVERSION = YES;
				GCC_WARN_ABOUT_RETURN_TYPE = YES_ERROR;
				GCC_WARN_UNDECLARED_SELECTOR = YES;
				GCC_WARN_UNINITIALIZED_AUTOS = YES_AGGRESSIVE;
				GCC_WARN_UNUSED_FUNCTION = YES;
				GCC_WARN_UNUSED_VARIABLE = YES;
				IPHONEOS_DEPLOYMENT_TARGET = 16.1;
				MTL_ENABLE_DEBUG_INFO = NO;
				MTL_FAST_MATH = YES;
				SDKROOT = iphoneos;
				SWIFT_COMPILATION_MODE = wholemodule;
				SWIFT_OPTIMIZATION_LEVEL = "-O";
				VALIDATE_PRODUCT = YES;
			};
			name = Release;
		};
		6B7621352936E4C900C869C1 /* Debug */ = {
			isa = XCBuildConfiguration;
			buildSettings = {
				ASSETCATALOG_COMPILER_APPICON_NAME = AppIcon;
				ASSETCATALOG_COMPILER_GLOBAL_ACCENT_COLOR_NAME = AccentColor;
				CODE_SIGN_ENTITLEMENTS = PlayOn_UIKit/PlayOn_UIKit.entitlements;
				CODE_SIGN_STYLE = Automatic;
				CURRENT_PROJECT_VERSION = 1;
				DEVELOPMENT_TEAM = 65KV6R2AGS;
				GENERATE_INFOPLIST_FILE = YES;
				INFOPLIST_FILE = PlayOn_UIKit/Info.plist;
				INFOPLIST_KEY_UIApplicationSupportsIndirectInputEvents = YES;
				INFOPLIST_KEY_UILaunchStoryboardName = LaunchScreen;
				INFOPLIST_KEY_UIMainStoryboardFile = Main;
				INFOPLIST_KEY_UISupportedInterfaceOrientations_iPad = "UIInterfaceOrientationPortrait UIInterfaceOrientationPortraitUpsideDown UIInterfaceOrientationLandscapeLeft UIInterfaceOrientationLandscapeRight";
				INFOPLIST_KEY_UISupportedInterfaceOrientations_iPhone = "UIInterfaceOrientationPortrait UIInterfaceOrientationLandscapeLeft UIInterfaceOrientationLandscapeRight";
				LD_RUNPATH_SEARCH_PATHS = (
					"$(inherited)",
					"@executable_path/Frameworks",
				);
				MARKETING_VERSION = 1.0;
				PRODUCT_BUNDLE_IDENTIFIER = "Yeolmok.PlayOn-UIKit";
				PRODUCT_NAME = "$(TARGET_NAME)";
				SWIFT_EMIT_LOC_STRINGS = YES;
				SWIFT_VERSION = 5.0;
				TARGETED_DEVICE_FAMILY = "1,2";
			};
			name = Debug;
		};
		6B7621362936E4C900C869C1 /* Release */ = {
			isa = XCBuildConfiguration;
			buildSettings = {
				ASSETCATALOG_COMPILER_APPICON_NAME = AppIcon;
				ASSETCATALOG_COMPILER_GLOBAL_ACCENT_COLOR_NAME = AccentColor;
				CODE_SIGN_ENTITLEMENTS = PlayOn_UIKit/PlayOn_UIKit.entitlements;
				CODE_SIGN_STYLE = Automatic;
				CURRENT_PROJECT_VERSION = 1;
				DEVELOPMENT_TEAM = 65KV6R2AGS;
				GENERATE_INFOPLIST_FILE = YES;
				INFOPLIST_FILE = PlayOn_UIKit/Info.plist;
				INFOPLIST_KEY_UIApplicationSupportsIndirectInputEvents = YES;
				INFOPLIST_KEY_UILaunchStoryboardName = LaunchScreen;
				INFOPLIST_KEY_UIMainStoryboardFile = Main;
				INFOPLIST_KEY_UISupportedInterfaceOrientations_iPad = "UIInterfaceOrientationPortrait UIInterfaceOrientationPortraitUpsideDown UIInterfaceOrientationLandscapeLeft UIInterfaceOrientationLandscapeRight";
				INFOPLIST_KEY_UISupportedInterfaceOrientations_iPhone = "UIInterfaceOrientationPortrait UIInterfaceOrientationLandscapeLeft UIInterfaceOrientationLandscapeRight";
				LD_RUNPATH_SEARCH_PATHS = (
					"$(inherited)",
					"@executable_path/Frameworks",
				);
				MARKETING_VERSION = 1.0;
				PRODUCT_BUNDLE_IDENTIFIER = "Yeolmok.PlayOn-UIKit";
				PRODUCT_NAME = "$(TARGET_NAME)";
				SWIFT_EMIT_LOC_STRINGS = YES;
				SWIFT_VERSION = 5.0;
				TARGETED_DEVICE_FAMILY = "1,2";
			};
			name = Release;
		};
		6B7621382936E4C900C869C1 /* Debug */ = {
			isa = XCBuildConfiguration;
			buildSettings = {
				ALWAYS_EMBED_SWIFT_STANDARD_LIBRARIES = YES;
				BUNDLE_LOADER = "$(TEST_HOST)";
				CODE_SIGN_STYLE = Automatic;
				CURRENT_PROJECT_VERSION = 1;
				DEVELOPMENT_TEAM = 65KV6R2AGS;
				GENERATE_INFOPLIST_FILE = YES;
				IPHONEOS_DEPLOYMENT_TARGET = 16.1;
				MARKETING_VERSION = 1.0;
				PRODUCT_BUNDLE_IDENTIFIER = "Yeolmok.PlayOn-UIKitTests";
				PRODUCT_NAME = "$(TARGET_NAME)";
				SWIFT_EMIT_LOC_STRINGS = NO;
				SWIFT_VERSION = 5.0;
				TARGETED_DEVICE_FAMILY = "1,2";
				TEST_HOST = "$(BUILT_PRODUCTS_DIR)/PlayOn_UIKit.app/$(BUNDLE_EXECUTABLE_FOLDER_PATH)/PlayOn_UIKit";
			};
			name = Debug;
		};
		6B7621392936E4C900C869C1 /* Release */ = {
			isa = XCBuildConfiguration;
			buildSettings = {
				ALWAYS_EMBED_SWIFT_STANDARD_LIBRARIES = YES;
				BUNDLE_LOADER = "$(TEST_HOST)";
				CODE_SIGN_STYLE = Automatic;
				CURRENT_PROJECT_VERSION = 1;
				DEVELOPMENT_TEAM = 65KV6R2AGS;
				GENERATE_INFOPLIST_FILE = YES;
				IPHONEOS_DEPLOYMENT_TARGET = 16.1;
				MARKETING_VERSION = 1.0;
				PRODUCT_BUNDLE_IDENTIFIER = "Yeolmok.PlayOn-UIKitTests";
				PRODUCT_NAME = "$(TARGET_NAME)";
				SWIFT_EMIT_LOC_STRINGS = NO;
				SWIFT_VERSION = 5.0;
				TARGETED_DEVICE_FAMILY = "1,2";
				TEST_HOST = "$(BUILT_PRODUCTS_DIR)/PlayOn_UIKit.app/$(BUNDLE_EXECUTABLE_FOLDER_PATH)/PlayOn_UIKit";
			};
			name = Release;
		};
		6B76213B2936E4C900C869C1 /* Debug */ = {
			isa = XCBuildConfiguration;
			buildSettings = {
				ALWAYS_EMBED_SWIFT_STANDARD_LIBRARIES = YES;
				CODE_SIGN_STYLE = Automatic;
				CURRENT_PROJECT_VERSION = 1;
				DEVELOPMENT_TEAM = 65KV6R2AGS;
				GENERATE_INFOPLIST_FILE = YES;
				MARKETING_VERSION = 1.0;
				PRODUCT_BUNDLE_IDENTIFIER = "Yeolmok.PlayOn-UIKitUITests";
				PRODUCT_NAME = "$(TARGET_NAME)";
				SWIFT_EMIT_LOC_STRINGS = NO;
				SWIFT_VERSION = 5.0;
				TARGETED_DEVICE_FAMILY = "1,2";
				TEST_TARGET_NAME = PlayOn_UIKit;
			};
			name = Debug;
		};
		6B76213C2936E4C900C869C1 /* Release */ = {
			isa = XCBuildConfiguration;
			buildSettings = {
				ALWAYS_EMBED_SWIFT_STANDARD_LIBRARIES = YES;
				CODE_SIGN_STYLE = Automatic;
				CURRENT_PROJECT_VERSION = 1;
				DEVELOPMENT_TEAM = 65KV6R2AGS;
				GENERATE_INFOPLIST_FILE = YES;
				MARKETING_VERSION = 1.0;
				PRODUCT_BUNDLE_IDENTIFIER = "Yeolmok.PlayOn-UIKitUITests";
				PRODUCT_NAME = "$(TARGET_NAME)";
				SWIFT_EMIT_LOC_STRINGS = NO;
				SWIFT_VERSION = 5.0;
				TARGETED_DEVICE_FAMILY = "1,2";
				TEST_TARGET_NAME = PlayOn_UIKit;
			};
			name = Release;
		};
/* End XCBuildConfiguration section */

/* Begin XCConfigurationList section */
		6B7621022936E4C700C869C1 /* Build configuration list for PBXProject "PlayOn_UIKit" */ = {
			isa = XCConfigurationList;
			buildConfigurations = (
				6B7621322936E4C900C869C1 /* Debug */,
				6B7621332936E4C900C869C1 /* Release */,
			);
			defaultConfigurationIsVisible = 0;
			defaultConfigurationName = Release;
		};
		6B7621342936E4C900C869C1 /* Build configuration list for PBXNativeTarget "PlayOn_UIKit" */ = {
			isa = XCConfigurationList;
			buildConfigurations = (
				6B7621352936E4C900C869C1 /* Debug */,
				6B7621362936E4C900C869C1 /* Release */,
			);
			defaultConfigurationIsVisible = 0;
			defaultConfigurationName = Release;
		};
		6B7621372936E4C900C869C1 /* Build configuration list for PBXNativeTarget "PlayOn_UIKitTests" */ = {
			isa = XCConfigurationList;
			buildConfigurations = (
				6B7621382936E4C900C869C1 /* Debug */,
				6B7621392936E4C900C869C1 /* Release */,
			);
			defaultConfigurationIsVisible = 0;
			defaultConfigurationName = Release;
		};
		6B76213A2936E4C900C869C1 /* Build configuration list for PBXNativeTarget "PlayOn_UIKitUITests" */ = {
			isa = XCConfigurationList;
			buildConfigurations = (
				6B76213B2936E4C900C869C1 /* Debug */,
				6B76213C2936E4C900C869C1 /* Release */,
			);
			defaultConfigurationIsVisible = 0;
			defaultConfigurationName = Release;
		};
/* End XCConfigurationList section */

/* Begin XCVersionGroup section */
		6B7621132936E4C700C869C1 /* PlayOn_UIKit.xcdatamodeld */ = {
			isa = XCVersionGroup;
			children = (
				6B7621142936E4C700C869C1 /* PlayOn_UIKit.xcdatamodel */,
			);
			currentVersion = 6B7621142936E4C700C869C1 /* PlayOn_UIKit.xcdatamodel */;
			path = PlayOn_UIKit.xcdatamodeld;
			sourceTree = "<group>";
			versionGroupType = wrapper.xcdatamodel;
		};
/* End XCVersionGroup section */
	};
	rootObject = 6B7620FF2936E4C700C869C1 /* Project object */;
}
